// !$*UTF8*$!
{
	archiveVersion = 1;
	classes = {
	};
	objectVersion = 52;
	objects = {

/* Begin PBXBuildFile section */
		B52DE07626125F0C00071CE3 /* DetailsCell.swift in Sources */ = {isa = PBXBuildFile; fileRef = B52DE07526125F0C00071CE3 /* DetailsCell.swift */; };
		B52DE07726125F0C00071CE3 /* DetailsCell.swift in Sources */ = {isa = PBXBuildFile; fileRef = B52DE07526125F0C00071CE3 /* DetailsCell.swift */; };
		B52DE07C2612658700071CE3 /* StocksAPIConfig.swift in Sources */ = {isa = PBXBuildFile; fileRef = B52DE07B2612658700071CE3 /* StocksAPIConfig.swift */; };
		B52DE07D2612658700071CE3 /* StocksAPIConfig.swift in Sources */ = {isa = PBXBuildFile; fileRef = B52DE07B2612658700071CE3 /* StocksAPIConfig.swift */; };
		B598787F26025D57006E74BE /* AppDelegate.swift in Sources */ = {isa = PBXBuildFile; fileRef = B598787E26025D57006E74BE /* AppDelegate.swift */; };
		B598788126025D57006E74BE /* SceneDelegate.swift in Sources */ = {isa = PBXBuildFile; fileRef = B598788026025D57006E74BE /* SceneDelegate.swift */; };
		B598788826025D5B006E74BE /* Assets.xcassets in Resources */ = {isa = PBXBuildFile; fileRef = B598788726025D5B006E74BE /* Assets.xcassets */; };
		B598788B26025D5B006E74BE /* LaunchScreen.storyboard in Resources */ = {isa = PBXBuildFile; fileRef = B598788926025D5B006E74BE /* LaunchScreen.storyboard */; };
		B598789626025D5C006E74BE /* StocksAppTests.swift in Sources */ = {isa = PBXBuildFile; fileRef = B598789526025D5C006E74BE /* StocksAppTests.swift */; };
		B59878A126025D5C006E74BE /* StocksAppUITests.swift in Sources */ = {isa = PBXBuildFile; fileRef = B59878A026025D5C006E74BE /* StocksAppUITests.swift */; };
		B598792C260665E0006E74BE /* StockListPresenter.swift in Sources */ = {isa = PBXBuildFile; fileRef = B5987926260665E0006E74BE /* StockListPresenter.swift */; };
		B598792D260665E0006E74BE /* StockListPresenter.swift in Sources */ = {isa = PBXBuildFile; fileRef = B5987926260665E0006E74BE /* StockListPresenter.swift */; };
		B598792E260665E0006E74BE /* StockListWorker.swift in Sources */ = {isa = PBXBuildFile; fileRef = B5987927260665E0006E74BE /* StockListWorker.swift */; };
		B598792F260665E0006E74BE /* StockListWorker.swift in Sources */ = {isa = PBXBuildFile; fileRef = B5987927260665E0006E74BE /* StockListWorker.swift */; };
		B5987930260665E0006E74BE /* StockListRouter.swift in Sources */ = {isa = PBXBuildFile; fileRef = B5987928260665E0006E74BE /* StockListRouter.swift */; };
		B5987931260665E1006E74BE /* StockListRouter.swift in Sources */ = {isa = PBXBuildFile; fileRef = B5987928260665E0006E74BE /* StockListRouter.swift */; };
		B5987934260665E1006E74BE /* StockListViewController.swift in Sources */ = {isa = PBXBuildFile; fileRef = B598792A260665E0006E74BE /* StockListViewController.swift */; };
		B5987935260665E1006E74BE /* StockListViewController.swift in Sources */ = {isa = PBXBuildFile; fileRef = B598792A260665E0006E74BE /* StockListViewController.swift */; };
		B5987936260665E1006E74BE /* StockListInteractor.swift in Sources */ = {isa = PBXBuildFile; fileRef = B598792B260665E0006E74BE /* StockListInteractor.swift */; };
		B5987937260665E1006E74BE /* StockListInteractor.swift in Sources */ = {isa = PBXBuildFile; fileRef = B598792B260665E0006E74BE /* StockListInteractor.swift */; };
		B598795C2606867C006E74BE /* StockCell.swift in Sources */ = {isa = PBXBuildFile; fileRef = B598795B2606867C006E74BE /* StockCell.swift */; };
		B598795D2606867C006E74BE /* StockCell.swift in Sources */ = {isa = PBXBuildFile; fileRef = B598795B2606867C006E74BE /* StockCell.swift */; };
		B59879622606885E006E74BE /* StockModel.swift in Sources */ = {isa = PBXBuildFile; fileRef = B59879612606885E006E74BE /* StockModel.swift */; };
		B59879632606885E006E74BE /* StockModel.swift in Sources */ = {isa = PBXBuildFile; fileRef = B59879612606885E006E74BE /* StockModel.swift */; };
		B59879722610DFF6006E74BE /* DetailsViewController.swift in Sources */ = {isa = PBXBuildFile; fileRef = B59879712610DFF6006E74BE /* DetailsViewController.swift */; };
		B59879732610DFF6006E74BE /* DetailsViewController.swift in Sources */ = {isa = PBXBuildFile; fileRef = B59879712610DFF6006E74BE /* DetailsViewController.swift */; };
		B59DDA592635DDB0001CEA7E /* StockBasicInfoCell.swift in Sources */ = {isa = PBXBuildFile; fileRef = B59DDA582635DDB0001CEA7E /* StockBasicInfoCell.swift */; };
		B59DDA5A2635DDB0001CEA7E /* StockBasicInfoCell.swift in Sources */ = {isa = PBXBuildFile; fileRef = B59DDA582635DDB0001CEA7E /* StockBasicInfoCell.swift */; };
		B59DDA5B2635DDB0001CEA7E /* StockBasicInfoCell.swift in Sources */ = {isa = PBXBuildFile; fileRef = B59DDA582635DDB0001CEA7E /* StockBasicInfoCell.swift */; };
		B59DDA612639D093001CEA7E /* BasicFinancialsOfflineData.json in Resources */ = {isa = PBXBuildFile; fileRef = B59DDA602639D093001CEA7E /* BasicFinancialsOfflineData.json */; };
		B5F1170B2613AAD9005B544E /* StockAPIWorker.swift in Sources */ = {isa = PBXBuildFile; fileRef = B5F1170A2613AAD9005B544E /* StockAPIWorker.swift */; };
		B5F1170C2613AAD9005B544E /* StockAPIWorker.swift in Sources */ = {isa = PBXBuildFile; fileRef = B5F1170A2613AAD9005B544E /* StockAPIWorker.swift */; };
		B5F117212613AB92005B544E /* StockResponseModels.swift in Sources */ = {isa = PBXBuildFile; fileRef = B5F117202613AB92005B544E /* StockResponseModels.swift */; };
		B5F117222613AB92005B544E /* StockResponseModels.swift in Sources */ = {isa = PBXBuildFile; fileRef = B5F117202613AB92005B544E /* StockResponseModels.swift */; };
		B5F1173126165AFF005B544E /* Kingfisher in Frameworks */ = {isa = PBXBuildFile; productRef = B5F1173026165AFF005B544E /* Kingfisher */; };
		B5F1174B2617BD39005B544E /* UIPriceChangeLabel.swift in Sources */ = {isa = PBXBuildFile; fileRef = B5F1174A2617BD39005B544E /* UIPriceChangeLabel.swift */; };
		B5F1174C2617BD39005B544E /* UIPriceChangeLabel.swift in Sources */ = {isa = PBXBuildFile; fileRef = B5F1174A2617BD39005B544E /* UIPriceChangeLabel.swift */; };
		B5F117542617BF23005B544E /* StockDataFormatter.swift in Sources */ = {isa = PBXBuildFile; fileRef = B5F117532617BF23005B544E /* StockDataFormatter.swift */; };
		B5F117552617BF23005B544E /* StockDataFormatter.swift in Sources */ = {isa = PBXBuildFile; fileRef = B5F117532617BF23005B544E /* StockDataFormatter.swift */; };
		B5F117692618B073005B544E /* CartTransition.swift in Sources */ = {isa = PBXBuildFile; fileRef = B5F117682618B073005B544E /* CartTransition.swift */; };
		B5F1176A2618B073005B544E /* CartTransition.swift in Sources */ = {isa = PBXBuildFile; fileRef = B5F117682618B073005B544E /* CartTransition.swift */; };
		B5F117722618BBDD005B544E /* CGPoint.swift in Sources */ = {isa = PBXBuildFile; fileRef = B5F117712618BBDD005B544E /* CGPoint.swift */; };
		B5F117732618BBDD005B544E /* CGPoint.swift in Sources */ = {isa = PBXBuildFile; fileRef = B5F117712618BBDD005B544E /* CGPoint.swift */; };
		B5F1177B2618C06D005B544E /* TransitionDriver.swift in Sources */ = {isa = PBXBuildFile; fileRef = B5F1177A2618C06C005B544E /* TransitionDriver.swift */; };
		B5F1177C2618C06D005B544E /* TransitionDriver.swift in Sources */ = {isa = PBXBuildFile; fileRef = B5F1177A2618C06C005B544E /* TransitionDriver.swift */; };
		B5F117812618C464005B544E /* PresentationControllerWithAnimations.swift in Sources */ = {isa = PBXBuildFile; fileRef = B5F117802618C464005B544E /* PresentationControllerWithAnimations.swift */; };
		B5F117822618C464005B544E /* PresentationControllerWithAnimations.swift in Sources */ = {isa = PBXBuildFile; fileRef = B5F117802618C464005B544E /* PresentationControllerWithAnimations.swift */; };
		B5F117872618C4B7005B544E /* PresentationController.swift in Sources */ = {isa = PBXBuildFile; fileRef = B5F117862618C4B7005B544E /* PresentationController.swift */; };
		B5F117882618C4B7005B544E /* PresentationController.swift in Sources */ = {isa = PBXBuildFile; fileRef = B5F117862618C4B7005B544E /* PresentationController.swift */; };
		B5F1178D2618C4DB005B544E /* PresentDismissAnimations.swift in Sources */ = {isa = PBXBuildFile; fileRef = B5F1178C2618C4DB005B544E /* PresentDismissAnimations.swift */; };
		B5F1178E2618C4DB005B544E /* PresentDismissAnimations.swift in Sources */ = {isa = PBXBuildFile; fileRef = B5F1178C2618C4DB005B544E /* PresentDismissAnimations.swift */; };
		B5F1179D2618E4B8005B544E /* UserDefaultsManager.swift in Sources */ = {isa = PBXBuildFile; fileRef = B5F1179C2618E4B8005B544E /* UserDefaultsManager.swift */; };
		B5F1179E2618E4B8005B544E /* UserDefaultsManager.swift in Sources */ = {isa = PBXBuildFile; fileRef = B5F1179C2618E4B8005B544E /* UserDefaultsManager.swift */; };
		B5F117B42619D8F2005B544E /* UIPanGestureRecognizer+projectedLocation.swift in Sources */ = {isa = PBXBuildFile; fileRef = B5F117B32619D8F2005B544E /* UIPanGestureRecognizer+projectedLocation.swift */; };
		B5F117B52619D8F2005B544E /* UIPanGestureRecognizer+projectedLocation.swift in Sources */ = {isa = PBXBuildFile; fileRef = B5F117B32619D8F2005B544E /* UIPanGestureRecognizer+projectedLocation.swift */; };
		B5F117C1261A6797005B544E /* DetailsCell.swift in Sources */ = {isa = PBXBuildFile; fileRef = B52DE07526125F0C00071CE3 /* DetailsCell.swift */; };
		B5F117C2261A6797005B544E /* AppDelegate.swift in Sources */ = {isa = PBXBuildFile; fileRef = B598787E26025D57006E74BE /* AppDelegate.swift */; };
		B5F117C3261A6797005B544E /* CartTransition.swift in Sources */ = {isa = PBXBuildFile; fileRef = B5F117682618B073005B544E /* CartTransition.swift */; };
		B5F117C4261A6797005B544E /* UIPanGestureRecognizer+projectedLocation.swift in Sources */ = {isa = PBXBuildFile; fileRef = B5F117B32619D8F2005B544E /* UIPanGestureRecognizer+projectedLocation.swift */; };
		B5F117C5261A6797005B544E /* SceneDelegate.swift in Sources */ = {isa = PBXBuildFile; fileRef = B598788026025D57006E74BE /* SceneDelegate.swift */; };
		B5F117C6261A6797005B544E /* StockListPresenter.swift in Sources */ = {isa = PBXBuildFile; fileRef = B5987926260665E0006E74BE /* StockListPresenter.swift */; };
		B5F117C7261A6797005B544E /* StockListWorker.swift in Sources */ = {isa = PBXBuildFile; fileRef = B5987927260665E0006E74BE /* StockListWorker.swift */; };
		B5F117C9261A6797005B544E /* StockModel.swift in Sources */ = {isa = PBXBuildFile; fileRef = B59879612606885E006E74BE /* StockModel.swift */; };
		B5F117CA261A6797005B544E /* DetailsViewController.swift in Sources */ = {isa = PBXBuildFile; fileRef = B59879712610DFF6006E74BE /* DetailsViewController.swift */; };
		B5F117CB261A6797005B544E /* StockAPIWorker.swift in Sources */ = {isa = PBXBuildFile; fileRef = B5F1170A2613AAD9005B544E /* StockAPIWorker.swift */; };
		B5F117CC261A6797005B544E /* StockResponseModels.swift in Sources */ = {isa = PBXBuildFile; fileRef = B5F117202613AB92005B544E /* StockResponseModels.swift */; };
		B5F117CD261A6797005B544E /* UserDefaultsManager.swift in Sources */ = {isa = PBXBuildFile; fileRef = B5F1179C2618E4B8005B544E /* UserDefaultsManager.swift */; };
		B5F117CE261A6797005B544E /* UIPriceChangeLabel.swift in Sources */ = {isa = PBXBuildFile; fileRef = B5F1174A2617BD39005B544E /* UIPriceChangeLabel.swift */; };
		B5F117CF261A6797005B544E /* StockListInteractor.swift in Sources */ = {isa = PBXBuildFile; fileRef = B598792B260665E0006E74BE /* StockListInteractor.swift */; };
		B5F117D0261A6797005B544E /* StockDataFormatter.swift in Sources */ = {isa = PBXBuildFile; fileRef = B5F117532617BF23005B544E /* StockDataFormatter.swift */; };
		B5F117D1261A6797005B544E /* StockListRouter.swift in Sources */ = {isa = PBXBuildFile; fileRef = B5987928260665E0006E74BE /* StockListRouter.swift */; };
		B5F117D2261A6797005B544E /* CGPoint.swift in Sources */ = {isa = PBXBuildFile; fileRef = B5F117712618BBDD005B544E /* CGPoint.swift */; };
		B5F117D3261A6797005B544E /* PresentDismissAnimations.swift in Sources */ = {isa = PBXBuildFile; fileRef = B5F1178C2618C4DB005B544E /* PresentDismissAnimations.swift */; };
		B5F117D4261A6797005B544E /* StocksAPIConfig.swift in Sources */ = {isa = PBXBuildFile; fileRef = B52DE07B2612658700071CE3 /* StocksAPIConfig.swift */; };
		B5F117D5261A6797005B544E /* TransitionDriver.swift in Sources */ = {isa = PBXBuildFile; fileRef = B5F1177A2618C06C005B544E /* TransitionDriver.swift */; };
		B5F117D6261A6797005B544E /* PresentationControllerWithAnimations.swift in Sources */ = {isa = PBXBuildFile; fileRef = B5F117802618C464005B544E /* PresentationControllerWithAnimations.swift */; };
		B5F117D7261A6797005B544E /* PresentationController.swift in Sources */ = {isa = PBXBuildFile; fileRef = B5F117862618C4B7005B544E /* PresentationController.swift */; };
		B5F117D8261A6797005B544E /* StockListViewController.swift in Sources */ = {isa = PBXBuildFile; fileRef = B598792A260665E0006E74BE /* StockListViewController.swift */; };
		B5F117D9261A6797005B544E /* StockCell.swift in Sources */ = {isa = PBXBuildFile; fileRef = B598795B2606867C006E74BE /* StockCell.swift */; };
		B5F117DB261A6797005B544E /* Kingfisher in Frameworks */ = {isa = PBXBuildFile; productRef = B5F117BD261A6797005B544E /* Kingfisher */; };
		B5F117DD261A6797005B544E /* LaunchScreen.storyboard in Resources */ = {isa = PBXBuildFile; fileRef = B598788926025D5B006E74BE /* LaunchScreen.storyboard */; };
		B5F117DE261A6797005B544E /* Assets.xcassets in Resources */ = {isa = PBXBuildFile; fileRef = B598788726025D5B006E74BE /* Assets.xcassets */; };
		B5F11805261A6D6A005B544E /* CompanyProfileOfflineData.json in Resources */ = {isa = PBXBuildFile; fileRef = B5F11804261A6D6A005B544E /* CompanyProfileOfflineData.json */; };
		B5F11806261A6D6A005B544E /* CompanyProfileOfflineData.json in Resources */ = {isa = PBXBuildFile; fileRef = B5F11804261A6D6A005B544E /* CompanyProfileOfflineData.json */; };
		B5F1180C261A6E33005B544E /* QuoteOfflineData.json in Resources */ = {isa = PBXBuildFile; fileRef = B5F1180B261A6E33005B544E /* QuoteOfflineData.json */; };
		B5F1180D261A6E33005B544E /* QuoteOfflineData.json in Resources */ = {isa = PBXBuildFile; fileRef = B5F1180B261A6E33005B544E /* QuoteOfflineData.json */; };
		B5F1181B261A6F1C005B544E /* Bundle+decode.swift in Sources */ = {isa = PBXBuildFile; fileRef = B5F1181A261A6F1C005B544E /* Bundle+decode.swift */; };
		B5F1181C261A6F1C005B544E /* Bundle+decode.swift in Sources */ = {isa = PBXBuildFile; fileRef = B5F1181A261A6F1C005B544E /* Bundle+decode.swift */; };
		B5F11825261A7341005B544E /* Bundle+decode.swift in Sources */ = {isa = PBXBuildFile; fileRef = B5F1181A261A6F1C005B544E /* Bundle+decode.swift */; };
		B5F11866261A8A99005B544E /* OfflineInfo.plist in Resources */ = {isa = PBXBuildFile; fileRef = B5F11865261A8A98005B544E /* OfflineInfo.plist */; };
		B5F11876261B54ED005B544E /* StockListBuilder.swift in Sources */ = {isa = PBXBuildFile; fileRef = B5F11870261B54EC005B544E /* StockListBuilder.swift */; };
		B5F11880261B55A0005B544E /* StockListBuilder.swift in Sources */ = {isa = PBXBuildFile; fileRef = B5F11870261B54EC005B544E /* StockListBuilder.swift */; };
		B5F11897261B8271005B544E /* UITableView+reloadDataWithDefaultAnimation.swift in Sources */ = {isa = PBXBuildFile; fileRef = B5F11896261B8271005B544E /* UITableView+reloadDataWithDefaultAnimation.swift */; };
		B5F1189C261B8277005B544E /* UITableView+reloadDataWithDefaultAnimation.swift in Sources */ = {isa = PBXBuildFile; fileRef = B5F11896261B8271005B544E /* UITableView+reloadDataWithDefaultAnimation.swift */; };
		B5F118A2261B9596005B544E /* StockAPITests.swift in Sources */ = {isa = PBXBuildFile; fileRef = B5F118A1261B9596005B544E /* StockAPITests.swift */; };
		B5F118A7261B9965005B544E /* UITableView+reloadDataWithDefaultAnimation.swift in Sources */ = {isa = PBXBuildFile; fileRef = B5F11896261B8271005B544E /* UITableView+reloadDataWithDefaultAnimation.swift */; };
/* End PBXBuildFile section */

/* Begin PBXContainerItemProxy section */
		B598789226025D5C006E74BE /* PBXContainerItemProxy */ = {
			isa = PBXContainerItemProxy;
			containerPortal = B598787326025D57006E74BE /* Project object */;
			proxyType = 1;
			remoteGlobalIDString = B598787A26025D57006E74BE;
			remoteInfo = StocksApp;
		};
		B598789D26025D5C006E74BE /* PBXContainerItemProxy */ = {
			isa = PBXContainerItemProxy;
			containerPortal = B598787326025D57006E74BE /* Project object */;
			proxyType = 1;
			remoteGlobalIDString = B598787A26025D57006E74BE;
			remoteInfo = StocksApp;
		};
/* End PBXContainerItemProxy section */

/* Begin PBXFileReference section */
		B52DE07526125F0C00071CE3 /* DetailsCell.swift */ = {isa = PBXFileReference; lastKnownFileType = sourcecode.swift; path = DetailsCell.swift; sourceTree = "<group>"; };
		B52DE07B2612658700071CE3 /* StocksAPIConfig.swift */ = {isa = PBXFileReference; lastKnownFileType = sourcecode.swift; path = StocksAPIConfig.swift; sourceTree = "<group>"; };
		B598787B26025D57006E74BE /* StocksApp.app */ = {isa = PBXFileReference; explicitFileType = wrapper.application; includeInIndex = 0; path = StocksApp.app; sourceTree = BUILT_PRODUCTS_DIR; };
		B598787E26025D57006E74BE /* AppDelegate.swift */ = {isa = PBXFileReference; lastKnownFileType = sourcecode.swift; path = AppDelegate.swift; sourceTree = "<group>"; };
		B598788026025D57006E74BE /* SceneDelegate.swift */ = {isa = PBXFileReference; lastKnownFileType = sourcecode.swift; path = SceneDelegate.swift; sourceTree = "<group>"; };
		B598788726025D5B006E74BE /* Assets.xcassets */ = {isa = PBXFileReference; lastKnownFileType = folder.assetcatalog; path = Assets.xcassets; sourceTree = "<group>"; };
		B598788A26025D5B006E74BE /* Base */ = {isa = PBXFileReference; lastKnownFileType = file.storyboard; name = Base; path = Base.lproj/LaunchScreen.storyboard; sourceTree = "<group>"; };
		B598788C26025D5B006E74BE /* Info.plist */ = {isa = PBXFileReference; lastKnownFileType = text.plist.xml; path = Info.plist; sourceTree = "<group>"; };
		B598789126025D5C006E74BE /* StocksAppTests.xctest */ = {isa = PBXFileReference; explicitFileType = wrapper.cfbundle; includeInIndex = 0; path = StocksAppTests.xctest; sourceTree = BUILT_PRODUCTS_DIR; };
		B598789526025D5C006E74BE /* StocksAppTests.swift */ = {isa = PBXFileReference; lastKnownFileType = sourcecode.swift; path = StocksAppTests.swift; sourceTree = "<group>"; };
		B598789726025D5C006E74BE /* Info.plist */ = {isa = PBXFileReference; lastKnownFileType = text.plist.xml; path = Info.plist; sourceTree = "<group>"; };
		B598789C26025D5C006E74BE /* StocksAppUITests.xctest */ = {isa = PBXFileReference; explicitFileType = wrapper.cfbundle; includeInIndex = 0; path = StocksAppUITests.xctest; sourceTree = BUILT_PRODUCTS_DIR; };
		B59878A026025D5C006E74BE /* StocksAppUITests.swift */ = {isa = PBXFileReference; lastKnownFileType = sourcecode.swift; path = StocksAppUITests.swift; sourceTree = "<group>"; };
		B59878A226025D5C006E74BE /* Info.plist */ = {isa = PBXFileReference; lastKnownFileType = text.plist.xml; path = Info.plist; sourceTree = "<group>"; };
		B5987926260665E0006E74BE /* StockListPresenter.swift */ = {isa = PBXFileReference; lastKnownFileType = sourcecode.swift; path = StockListPresenter.swift; sourceTree = "<group>"; };
		B5987927260665E0006E74BE /* StockListWorker.swift */ = {isa = PBXFileReference; lastKnownFileType = sourcecode.swift; path = StockListWorker.swift; sourceTree = "<group>"; };
		B5987928260665E0006E74BE /* StockListRouter.swift */ = {isa = PBXFileReference; lastKnownFileType = sourcecode.swift; path = StockListRouter.swift; sourceTree = "<group>"; };
		B598792A260665E0006E74BE /* StockListViewController.swift */ = {isa = PBXFileReference; lastKnownFileType = sourcecode.swift; path = StockListViewController.swift; sourceTree = "<group>"; };
		B598792B260665E0006E74BE /* StockListInteractor.swift */ = {isa = PBXFileReference; lastKnownFileType = sourcecode.swift; path = StockListInteractor.swift; sourceTree = "<group>"; };
		B598795B2606867C006E74BE /* StockCell.swift */ = {isa = PBXFileReference; lastKnownFileType = sourcecode.swift; path = StockCell.swift; sourceTree = "<group>"; };
		B59879612606885E006E74BE /* StockModel.swift */ = {isa = PBXFileReference; lastKnownFileType = sourcecode.swift; path = StockModel.swift; sourceTree = "<group>"; };
		B59879712610DFF6006E74BE /* DetailsViewController.swift */ = {isa = PBXFileReference; lastKnownFileType = sourcecode.swift; path = DetailsViewController.swift; sourceTree = "<group>"; };
		B59DDA582635DDB0001CEA7E /* StockBasicInfoCell.swift */ = {isa = PBXFileReference; lastKnownFileType = sourcecode.swift; path = StockBasicInfoCell.swift; sourceTree = "<group>"; };
		B59DDA602639D093001CEA7E /* BasicFinancialsOfflineData.json */ = {isa = PBXFileReference; lastKnownFileType = text.json; path = BasicFinancialsOfflineData.json; sourceTree = "<group>"; };
		B5F1170A2613AAD9005B544E /* StockAPIWorker.swift */ = {isa = PBXFileReference; lastKnownFileType = sourcecode.swift; path = StockAPIWorker.swift; sourceTree = "<group>"; };
		B5F117202613AB92005B544E /* StockResponseModels.swift */ = {isa = PBXFileReference; lastKnownFileType = sourcecode.swift; path = StockResponseModels.swift; sourceTree = "<group>"; };
		B5F1174A2617BD39005B544E /* UIPriceChangeLabel.swift */ = {isa = PBXFileReference; lastKnownFileType = sourcecode.swift; path = UIPriceChangeLabel.swift; sourceTree = "<group>"; };
		B5F117532617BF23005B544E /* StockDataFormatter.swift */ = {isa = PBXFileReference; lastKnownFileType = sourcecode.swift; path = StockDataFormatter.swift; sourceTree = "<group>"; };
		B5F117682618B073005B544E /* CartTransition.swift */ = {isa = PBXFileReference; lastKnownFileType = sourcecode.swift; path = CartTransition.swift; sourceTree = "<group>"; };
		B5F117712618BBDD005B544E /* CGPoint.swift */ = {isa = PBXFileReference; lastKnownFileType = sourcecode.swift; path = CGPoint.swift; sourceTree = "<group>"; };
		B5F1177A2618C06C005B544E /* TransitionDriver.swift */ = {isa = PBXFileReference; lastKnownFileType = sourcecode.swift; path = TransitionDriver.swift; sourceTree = "<group>"; };
		B5F117802618C464005B544E /* PresentationControllerWithAnimations.swift */ = {isa = PBXFileReference; lastKnownFileType = sourcecode.swift; path = PresentationControllerWithAnimations.swift; sourceTree = "<group>"; };
		B5F117862618C4B7005B544E /* PresentationController.swift */ = {isa = PBXFileReference; lastKnownFileType = sourcecode.swift; path = PresentationController.swift; sourceTree = "<group>"; };
		B5F1178C2618C4DB005B544E /* PresentDismissAnimations.swift */ = {isa = PBXFileReference; lastKnownFileType = sourcecode.swift; path = PresentDismissAnimations.swift; sourceTree = "<group>"; };
		B5F1179C2618E4B8005B544E /* UserDefaultsManager.swift */ = {isa = PBXFileReference; lastKnownFileType = sourcecode.swift; path = UserDefaultsManager.swift; sourceTree = "<group>"; };
		B5F117B32619D8F2005B544E /* UIPanGestureRecognizer+projectedLocation.swift */ = {isa = PBXFileReference; lastKnownFileType = sourcecode.swift; path = "UIPanGestureRecognizer+projectedLocation.swift"; sourceTree = "<group>"; };
		B5F117E2261A6797005B544E /* StocksAppOffline.app */ = {isa = PBXFileReference; explicitFileType = wrapper.application; includeInIndex = 0; path = StocksAppOffline.app; sourceTree = BUILT_PRODUCTS_DIR; };
		B5F11804261A6D6A005B544E /* CompanyProfileOfflineData.json */ = {isa = PBXFileReference; lastKnownFileType = text.json; path = CompanyProfileOfflineData.json; sourceTree = "<group>"; };
		B5F1180B261A6E33005B544E /* QuoteOfflineData.json */ = {isa = PBXFileReference; lastKnownFileType = text.json; path = QuoteOfflineData.json; sourceTree = "<group>"; };
		B5F1181A261A6F1C005B544E /* Bundle+decode.swift */ = {isa = PBXFileReference; lastKnownFileType = sourcecode.swift; path = "Bundle+decode.swift"; sourceTree = "<group>"; };
		B5F11865261A8A98005B544E /* OfflineInfo.plist */ = {isa = PBXFileReference; fileEncoding = 4; lastKnownFileType = text.plist.xml; path = OfflineInfo.plist; sourceTree = "<group>"; };
		B5F11870261B54EC005B544E /* StockListBuilder.swift */ = {isa = PBXFileReference; lastKnownFileType = sourcecode.swift; path = StockListBuilder.swift; sourceTree = "<group>"; };
		B5F11896261B8271005B544E /* UITableView+reloadDataWithDefaultAnimation.swift */ = {isa = PBXFileReference; lastKnownFileType = sourcecode.swift; path = "UITableView+reloadDataWithDefaultAnimation.swift"; sourceTree = "<group>"; };
		B5F118A1261B9596005B544E /* StockAPITests.swift */ = {isa = PBXFileReference; lastKnownFileType = sourcecode.swift; path = StockAPITests.swift; sourceTree = "<group>"; };
/* End PBXFileReference section */

/* Begin PBXFrameworksBuildPhase section */
		B598787826025D57006E74BE /* Frameworks */ = {
			isa = PBXFrameworksBuildPhase;
			buildActionMask = 2147483647;
			files = (
				B5F1173126165AFF005B544E /* Kingfisher in Frameworks */,
			);
			runOnlyForDeploymentPostprocessing = 0;
		};
		B598788E26025D5C006E74BE /* Frameworks */ = {
			isa = PBXFrameworksBuildPhase;
			buildActionMask = 2147483647;
			files = (
			);
			runOnlyForDeploymentPostprocessing = 0;
		};
		B598789926025D5C006E74BE /* Frameworks */ = {
			isa = PBXFrameworksBuildPhase;
			buildActionMask = 2147483647;
			files = (
			);
			runOnlyForDeploymentPostprocessing = 0;
		};
		B5F117DA261A6797005B544E /* Frameworks */ = {
			isa = PBXFrameworksBuildPhase;
			buildActionMask = 2147483647;
			files = (
				B5F117DB261A6797005B544E /* Kingfisher in Frameworks */,
			);
			runOnlyForDeploymentPostprocessing = 0;
		};
/* End PBXFrameworksBuildPhase section */

/* Begin PBXGroup section */
		B598787226025D57006E74BE = {
			isa = PBXGroup;
			children = (
				B598787D26025D57006E74BE /* StocksApp */,
				B598789426025D5C006E74BE /* StocksAppTests */,
				B598789F26025D5C006E74BE /* StocksAppUITests */,
				B598787C26025D57006E74BE /* Products */,
			);
			sourceTree = "<group>";
		};
		B598787C26025D57006E74BE /* Products */ = {
			isa = PBXGroup;
			children = (
				B598787B26025D57006E74BE /* StocksApp.app */,
				B598789126025D5C006E74BE /* StocksAppTests.xctest */,
				B598789C26025D5C006E74BE /* StocksAppUITests.xctest */,
				B5F117E2261A6797005B544E /* StocksAppOffline.app */,
			);
			name = Products;
			sourceTree = "<group>";
		};
		B598787D26025D57006E74BE /* StocksApp */ = {
			isa = PBXGroup;
			children = (
				B598788726025D5B006E74BE /* Assets.xcassets */,
				B5F117A62619C1C8005B544E /* App */,
				B5F117492617BD19005B544E /* Extensions */,
				B598795426066A20006E74BE /* Common */,
				B59878D126026159006E74BE /* Scenes */,
				B5F117092613AA85005B544E /* Services */,
				B5F11804261A6D6A005B544E /* CompanyProfileOfflineData.json */,
				B5F1180B261A6E33005B544E /* QuoteOfflineData.json */,
				B59DDA602639D093001CEA7E /* BasicFinancialsOfflineData.json */,
			);
			path = StocksApp;
			sourceTree = "<group>";
		};
		B598789426025D5C006E74BE /* StocksAppTests */ = {
			isa = PBXGroup;
			children = (
				B598789526025D5C006E74BE /* StocksAppTests.swift */,
				B5F118A1261B9596005B544E /* StockAPITests.swift */,
				B598789726025D5C006E74BE /* Info.plist */,
			);
			path = StocksAppTests;
			sourceTree = "<group>";
		};
		B598789F26025D5C006E74BE /* StocksAppUITests */ = {
			isa = PBXGroup;
			children = (
				B59878A026025D5C006E74BE /* StocksAppUITests.swift */,
				B59878A226025D5C006E74BE /* Info.plist */,
			);
			path = StocksAppUITests;
			sourceTree = "<group>";
		};
		B59878D126026159006E74BE /* Scenes */ = {
			isa = PBXGroup;
			children = (
				B59878D226026161006E74BE /* StocksList */,
			);
			path = Scenes;
			sourceTree = "<group>";
		};
		B59878D226026161006E74BE /* StocksList */ = {
			isa = PBXGroup;
			children = (
				B598797A26124EED006E74BE /* View Layer */,
				B5987926260665E0006E74BE /* StockListPresenter.swift */,
				B5987927260665E0006E74BE /* StockListWorker.swift */,
				B5987928260665E0006E74BE /* StockListRouter.swift */,
				B598792B260665E0006E74BE /* StockListInteractor.swift */,
				B5F11870261B54EC005B544E /* StockListBuilder.swift */,
			);
			path = StocksList;
			sourceTree = "<group>";
		};
		B598795426066A20006E74BE /* Common */ = {
			isa = PBXGroup;
			children = (
				B59879612606885E006E74BE /* StockModel.swift */,
				B5F117532617BF23005B544E /* StockDataFormatter.swift */,
				B5F1174A2617BD39005B544E /* UIPriceChangeLabel.swift */,
			);
			path = Common;
			sourceTree = "<group>";
		};
		B598797A26124EED006E74BE /* View Layer */ = {
			isa = PBXGroup;
			children = (
				B5F117672618B04B005B544E /* Transition */,
				B5F1187F261B5540005B544E /* Cells */,
				B598792A260665E0006E74BE /* StockListViewController.swift */,
				B59879712610DFF6006E74BE /* DetailsViewController.swift */,
			);
			path = "View Layer";
			sourceTree = "<group>";
		};
		B5F117092613AA85005B544E /* Services */ = {
			isa = PBXGroup;
			children = (
				B5F118BB26208510005B544E /* AlertService */,
				B5F1179B2618E4A0005B544E /* UserDefaultsManager */,
				B5F117132613AAEC005B544E /* StocksAPI */,
			);
			path = Services;
			sourceTree = "<group>";
		};
		B5F117132613AAEC005B544E /* StocksAPI */ = {
			isa = PBXGroup;
			children = (
				B5F117202613AB92005B544E /* StockResponseModels.swift */,
				B52DE07B2612658700071CE3 /* StocksAPIConfig.swift */,
				B5F1170A2613AAD9005B544E /* StockAPIWorker.swift */,
			);
			path = StocksAPI;
			sourceTree = "<group>";
		};
		B5F117492617BD19005B544E /* Extensions */ = {
			isa = PBXGroup;
			children = (
				B5F117712618BBDD005B544E /* CGPoint.swift */,
				B5F117B32619D8F2005B544E /* UIPanGestureRecognizer+projectedLocation.swift */,
				B5F1181A261A6F1C005B544E /* Bundle+decode.swift */,
				B5F11896261B8271005B544E /* UITableView+reloadDataWithDefaultAnimation.swift */,
			);
			path = Extensions;
			sourceTree = "<group>";
		};
		B5F117672618B04B005B544E /* Transition */ = {
			isa = PBXGroup;
			children = (
				B5F117682618B073005B544E /* CartTransition.swift */,
				B5F117862618C4B7005B544E /* PresentationController.swift */,
				B5F117802618C464005B544E /* PresentationControllerWithAnimations.swift */,
				B5F1177A2618C06C005B544E /* TransitionDriver.swift */,
				B5F1178C2618C4DB005B544E /* PresentDismissAnimations.swift */,
			);
			path = Transition;
			sourceTree = "<group>";
		};
		B5F1179B2618E4A0005B544E /* UserDefaultsManager */ = {
			isa = PBXGroup;
			children = (
				B5F1179C2618E4B8005B544E /* UserDefaultsManager.swift */,
			);
			path = UserDefaultsManager;
			sourceTree = "<group>";
		};
		B5F117A62619C1C8005B544E /* App */ = {
			isa = PBXGroup;
			children = (
				B598787E26025D57006E74BE /* AppDelegate.swift */,
				B598788026025D57006E74BE /* SceneDelegate.swift */,
				B598788C26025D5B006E74BE /* Info.plist */,
				B5F11865261A8A98005B544E /* OfflineInfo.plist */,
				B598788926025D5B006E74BE /* LaunchScreen.storyboard */,
			);
			path = App;
			sourceTree = "<group>";
		};
		B5F1187F261B5540005B544E /* Cells */ = {
			isa = PBXGroup;
			children = (
				B598795B2606867C006E74BE /* StockCell.swift */,
				B52DE07526125F0C00071CE3 /* DetailsCell.swift */,
				B59DDA582635DDB0001CEA7E /* StockBasicInfoCell.swift */,
			);
			path = Cells;
			sourceTree = "<group>";
		};
		B5F118BB26208510005B544E /* AlertService */ = {
			isa = PBXGroup;
			children = (
			);
			path = AlertService;
			sourceTree = "<group>";
		};
/* End PBXGroup section */

/* Begin PBXNativeTarget section */
		B598787A26025D57006E74BE /* StocksApp */ = {
			isa = PBXNativeTarget;
			buildConfigurationList = B59878A526025D5C006E74BE /* Build configuration list for PBXNativeTarget "StocksApp" */;
			buildPhases = (
				B598796A260E2544006E74BE /* ShellScript */,
				B598787726025D57006E74BE /* Sources */,
				B598787826025D57006E74BE /* Frameworks */,
				B598787926025D57006E74BE /* Resources */,
			);
			buildRules = (
			);
			dependencies = (
			);
			name = StocksApp;
			packageProductDependencies = (
				B5F1173026165AFF005B544E /* Kingfisher */,
			);
			productName = StocksApp;
			productReference = B598787B26025D57006E74BE /* StocksApp.app */;
			productType = "com.apple.product-type.application";
		};
		B598789026025D5C006E74BE /* StocksAppTests */ = {
			isa = PBXNativeTarget;
			buildConfigurationList = B59878A826025D5C006E74BE /* Build configuration list for PBXNativeTarget "StocksAppTests" */;
			buildPhases = (
				B598788D26025D5C006E74BE /* Sources */,
				B598788E26025D5C006E74BE /* Frameworks */,
				B598788F26025D5C006E74BE /* Resources */,
			);
			buildRules = (
			);
			dependencies = (
				B598789326025D5C006E74BE /* PBXTargetDependency */,
			);
			name = StocksAppTests;
			productName = StocksAppTests;
			productReference = B598789126025D5C006E74BE /* StocksAppTests.xctest */;
			productType = "com.apple.product-type.bundle.unit-test";
		};
		B598789B26025D5C006E74BE /* StocksAppUITests */ = {
			isa = PBXNativeTarget;
			buildConfigurationList = B59878AB26025D5C006E74BE /* Build configuration list for PBXNativeTarget "StocksAppUITests" */;
			buildPhases = (
				B598789826025D5C006E74BE /* Sources */,
				B598789926025D5C006E74BE /* Frameworks */,
				B598789A26025D5C006E74BE /* Resources */,
			);
			buildRules = (
			);
			dependencies = (
				B598789E26025D5C006E74BE /* PBXTargetDependency */,
			);
			name = StocksAppUITests;
			productName = StocksAppUITests;
			productReference = B598789C26025D5C006E74BE /* StocksAppUITests.xctest */;
			productType = "com.apple.product-type.bundle.ui-testing";
		};
		B5F117BC261A6797005B544E /* StocksAppOffline */ = {
			isa = PBXNativeTarget;
			buildConfigurationList = B5F117DF261A6797005B544E /* Build configuration list for PBXNativeTarget "StocksAppOffline" */;
			buildPhases = (
				B5F117BF261A6797005B544E /* ShellScript */,
				B5F117C0261A6797005B544E /* Sources */,
				B5F117DA261A6797005B544E /* Frameworks */,
				B5F117DC261A6797005B544E /* Resources */,
			);
			buildRules = (
			);
			dependencies = (
			);
			name = StocksAppOffline;
			packageProductDependencies = (
				B5F117BD261A6797005B544E /* Kingfisher */,
			);
			productName = StocksApp;
			productReference = B5F117E2261A6797005B544E /* StocksAppOffline.app */;
			productType = "com.apple.product-type.application";
		};
/* End PBXNativeTarget section */

/* Begin PBXProject section */
		B598787326025D57006E74BE /* Project object */ = {
			isa = PBXProject;
			attributes = {
				LastSwiftUpdateCheck = 1240;
				LastUpgradeCheck = 1240;
				TargetAttributes = {
					B598787A26025D57006E74BE = {
						CreatedOnToolsVersion = 12.4;
					};
					B598789026025D5C006E74BE = {
						CreatedOnToolsVersion = 12.4;
						TestTargetID = B598787A26025D57006E74BE;
					};
					B598789B26025D5C006E74BE = {
						CreatedOnToolsVersion = 12.4;
						TestTargetID = B598787A26025D57006E74BE;
					};
				};
			};
			buildConfigurationList = B598787626025D57006E74BE /* Build configuration list for PBXProject "StocksApp" */;
			compatibilityVersion = "Xcode 9.3";
			developmentRegion = en;
			hasScannedForEncodings = 0;
			knownRegions = (
				en,
				Base,
			);
			mainGroup = B598787226025D57006E74BE;
			packageReferences = (
				B5F1172F26165AFF005B544E /* XCRemoteSwiftPackageReference "Kingfisher" */,
			);
			productRefGroup = B598787C26025D57006E74BE /* Products */;
			projectDirPath = "";
			projectRoot = "";
			targets = (
				B598787A26025D57006E74BE /* StocksApp */,
				B5F117BC261A6797005B544E /* StocksAppOffline */,
				B598789026025D5C006E74BE /* StocksAppTests */,
				B598789B26025D5C006E74BE /* StocksAppUITests */,
			);
		};
/* End PBXProject section */

/* Begin PBXResourcesBuildPhase section */
		B598787926025D57006E74BE /* Resources */ = {
			isa = PBXResourcesBuildPhase;
			buildActionMask = 2147483647;
			files = (
				B598788B26025D5B006E74BE /* LaunchScreen.storyboard in Resources */,
				B598788826025D5B006E74BE /* Assets.xcassets in Resources */,
			);
			runOnlyForDeploymentPostprocessing = 0;
		};
		B598788F26025D5C006E74BE /* Resources */ = {
			isa = PBXResourcesBuildPhase;
			buildActionMask = 2147483647;
			files = (
				B5F11806261A6D6A005B544E /* CompanyProfileOfflineData.json in Resources */,
				B5F1180D261A6E33005B544E /* QuoteOfflineData.json in Resources */,
			);
			runOnlyForDeploymentPostprocessing = 0;
		};
		B598789A26025D5C006E74BE /* Resources */ = {
			isa = PBXResourcesBuildPhase;
			buildActionMask = 2147483647;
			files = (
			);
			runOnlyForDeploymentPostprocessing = 0;
		};
		B5F117DC261A6797005B544E /* Resources */ = {
			isa = PBXResourcesBuildPhase;
			buildActionMask = 2147483647;
			files = (
				B59DDA612639D093001CEA7E /* BasicFinancialsOfflineData.json in Resources */,
				B5F117DD261A6797005B544E /* LaunchScreen.storyboard in Resources */,
				B5F11805261A6D6A005B544E /* CompanyProfileOfflineData.json in Resources */,
				B5F117DE261A6797005B544E /* Assets.xcassets in Resources */,
				B5F11866261A8A99005B544E /* OfflineInfo.plist in Resources */,
				B5F1180C261A6E33005B544E /* QuoteOfflineData.json in Resources */,
			);
			runOnlyForDeploymentPostprocessing = 0;
		};
/* End PBXResourcesBuildPhase section */

/* Begin PBXShellScriptBuildPhase section */
		B598796A260E2544006E74BE /* ShellScript */ = {
			isa = PBXShellScriptBuildPhase;
			buildActionMask = 2147483647;
			files = (
			);
			inputFileListPaths = (
			);
			inputPaths = (
			);
			outputFileListPaths = (
			);
			outputPaths = (
			);
			runOnlyForDeploymentPostprocessing = 0;
			shellPath = /bin/sh;
			shellScript = "if which swiftlint >/dev/null; then\n  swiftlint\nelse\n  echo \"warning: SwiftLint not installed, download from https://github.com/realm/SwiftLint\"\nfi\n";
		};
		B5F117BF261A6797005B544E /* ShellScript */ = {
			isa = PBXShellScriptBuildPhase;
			buildActionMask = 2147483647;
			files = (
			);
			inputFileListPaths = (
			);
			inputPaths = (
			);
			outputFileListPaths = (
			);
			outputPaths = (
			);
			runOnlyForDeploymentPostprocessing = 0;
			shellPath = /bin/sh;
			shellScript = "if which swiftlint >/dev/null; then\n  swiftlint\nelse\n  echo \"warning: SwiftLint not installed, download from https://github.com/realm/SwiftLint\"\nfi\n";
		};
/* End PBXShellScriptBuildPhase section */

/* Begin PBXSourcesBuildPhase section */
		B598787726025D57006E74BE /* Sources */ = {
			isa = PBXSourcesBuildPhase;
			buildActionMask = 2147483647;
			files = (
				B52DE07626125F0C00071CE3 /* DetailsCell.swift in Sources */,
				B598787F26025D57006E74BE /* AppDelegate.swift in Sources */,
				B5F11897261B8271005B544E /* UITableView+reloadDataWithDefaultAnimation.swift in Sources */,
				B5F11876261B54ED005B544E /* StockListBuilder.swift in Sources */,
				B5F117692618B073005B544E /* CartTransition.swift in Sources */,
				B59DDA592635DDB0001CEA7E /* StockBasicInfoCell.swift in Sources */,
				B5F11825261A7341005B544E /* Bundle+decode.swift in Sources */,
				B5F117B42619D8F2005B544E /* UIPanGestureRecognizer+projectedLocation.swift in Sources */,
				B598788126025D57006E74BE /* SceneDelegate.swift in Sources */,
				B598792C260665E0006E74BE /* StockListPresenter.swift in Sources */,
				B598792E260665E0006E74BE /* StockListWorker.swift in Sources */,
				B59879622606885E006E74BE /* StockModel.swift in Sources */,
				B59879722610DFF6006E74BE /* DetailsViewController.swift in Sources */,
				B5F1170B2613AAD9005B544E /* StockAPIWorker.swift in Sources */,
				B5F117212613AB92005B544E /* StockResponseModels.swift in Sources */,
				B5F1179D2618E4B8005B544E /* UserDefaultsManager.swift in Sources */,
				B5F1174B2617BD39005B544E /* UIPriceChangeLabel.swift in Sources */,
				B5987936260665E1006E74BE /* StockListInteractor.swift in Sources */,
				B5F117542617BF23005B544E /* StockDataFormatter.swift in Sources */,
				B5987930260665E0006E74BE /* StockListRouter.swift in Sources */,
				B5F117722618BBDD005B544E /* CGPoint.swift in Sources */,
				B5F1178D2618C4DB005B544E /* PresentDismissAnimations.swift in Sources */,
				B52DE07C2612658700071CE3 /* StocksAPIConfig.swift in Sources */,
				B5F1177B2618C06D005B544E /* TransitionDriver.swift in Sources */,
				B5F117812618C464005B544E /* PresentationControllerWithAnimations.swift in Sources */,
				B5F117872618C4B7005B544E /* PresentationController.swift in Sources */,
				B5987934260665E1006E74BE /* StockListViewController.swift in Sources */,
				B598795C2606867C006E74BE /* StockCell.swift in Sources */,
			);
			runOnlyForDeploymentPostprocessing = 0;
		};
		B598788D26025D5C006E74BE /* Sources */ = {
			isa = PBXSourcesBuildPhase;
			buildActionMask = 2147483647;
			files = (
				B5F118A2261B9596005B544E /* StockAPITests.swift in Sources */,
				B5F1170C2613AAD9005B544E /* StockAPIWorker.swift in Sources */,
				B5F117822618C464005B544E /* PresentationControllerWithAnimations.swift in Sources */,
				B5F117882618C4B7005B544E /* PresentationController.swift in Sources */,
				B59DDA5B2635DDB0001CEA7E /* StockBasicInfoCell.swift in Sources */,
				B52DE07D2612658700071CE3 /* StocksAPIConfig.swift in Sources */,
				B5F117552617BF23005B544E /* StockDataFormatter.swift in Sources */,
				B5F1181C261A6F1C005B544E /* Bundle+decode.swift in Sources */,
				B598795D2606867C006E74BE /* StockCell.swift in Sources */,
				B5987937260665E1006E74BE /* StockListInteractor.swift in Sources */,
				B5F117B52619D8F2005B544E /* UIPanGestureRecognizer+projectedLocation.swift in Sources */,
				B52DE07726125F0C00071CE3 /* DetailsCell.swift in Sources */,
				B598792F260665E0006E74BE /* StockListWorker.swift in Sources */,
				B5987931260665E1006E74BE /* StockListRouter.swift in Sources */,
				B5F1178E2618C4DB005B544E /* PresentDismissAnimations.swift in Sources */,
				B5987935260665E1006E74BE /* StockListViewController.swift in Sources */,
				B5F1179E2618E4B8005B544E /* UserDefaultsManager.swift in Sources */,
				B598789626025D5C006E74BE /* StocksAppTests.swift in Sources */,
				B5F118A7261B9965005B544E /* UITableView+reloadDataWithDefaultAnimation.swift in Sources */,
				B5F117732618BBDD005B544E /* CGPoint.swift in Sources */,
				B5F1176A2618B073005B544E /* CartTransition.swift in Sources */,
				B59879732610DFF6006E74BE /* DetailsViewController.swift in Sources */,
				B59879632606885E006E74BE /* StockModel.swift in Sources */,
				B5F1177C2618C06D005B544E /* TransitionDriver.swift in Sources */,
				B5F1174C2617BD39005B544E /* UIPriceChangeLabel.swift in Sources */,
				B598792D260665E0006E74BE /* StockListPresenter.swift in Sources */,
				B5F117222613AB92005B544E /* StockResponseModels.swift in Sources */,
			);
			runOnlyForDeploymentPostprocessing = 0;
		};
		B598789826025D5C006E74BE /* Sources */ = {
			isa = PBXSourcesBuildPhase;
			buildActionMask = 2147483647;
			files = (
				B59878A126025D5C006E74BE /* StocksAppUITests.swift in Sources */,
			);
			runOnlyForDeploymentPostprocessing = 0;
		};
		B5F117C0261A6797005B544E /* Sources */ = {
			isa = PBXSourcesBuildPhase;
			buildActionMask = 2147483647;
			files = (
				B5F117C1261A6797005B544E /* DetailsCell.swift in Sources */,
				B5F1181B261A6F1C005B544E /* Bundle+decode.swift in Sources */,
				B5F1189C261B8277005B544E /* UITableView+reloadDataWithDefaultAnimation.swift in Sources */,
				B5F117C2261A6797005B544E /* AppDelegate.swift in Sources */,
				B5F117C3261A6797005B544E /* CartTransition.swift in Sources */,
				B59DDA5A2635DDB0001CEA7E /* StockBasicInfoCell.swift in Sources */,
				B5F117C4261A6797005B544E /* UIPanGestureRecognizer+projectedLocation.swift in Sources */,
				B5F117C5261A6797005B544E /* SceneDelegate.swift in Sources */,
				B5F117C6261A6797005B544E /* StockListPresenter.swift in Sources */,
				B5F117C7261A6797005B544E /* StockListWorker.swift in Sources */,
				B5F117C9261A6797005B544E /* StockModel.swift in Sources */,
				B5F117CA261A6797005B544E /* DetailsViewController.swift in Sources */,
				B5F117CB261A6797005B544E /* StockAPIWorker.swift in Sources */,
				B5F117CC261A6797005B544E /* StockResponseModels.swift in Sources */,
				B5F117CD261A6797005B544E /* UserDefaultsManager.swift in Sources */,
				B5F117CE261A6797005B544E /* UIPriceChangeLabel.swift in Sources */,
				B5F117CF261A6797005B544E /* StockListInteractor.swift in Sources */,
				B5F117D0261A6797005B544E /* StockDataFormatter.swift in Sources */,
				B5F117D1261A6797005B544E /* StockListRouter.swift in Sources */,
				B5F117D2261A6797005B544E /* CGPoint.swift in Sources */,
				B5F117D3261A6797005B544E /* PresentDismissAnimations.swift in Sources */,
				B5F117D4261A6797005B544E /* StocksAPIConfig.swift in Sources */,
				B5F11880261B55A0005B544E /* StockListBuilder.swift in Sources */,
				B5F117D5261A6797005B544E /* TransitionDriver.swift in Sources */,
				B5F117D6261A6797005B544E /* PresentationControllerWithAnimations.swift in Sources */,
				B5F117D7261A6797005B544E /* PresentationController.swift in Sources */,
				B5F117D8261A6797005B544E /* StockListViewController.swift in Sources */,
				B5F117D9261A6797005B544E /* StockCell.swift in Sources */,
			);
			runOnlyForDeploymentPostprocessing = 0;
		};
/* End PBXSourcesBuildPhase section */

/* Begin PBXTargetDependency section */
		B598789326025D5C006E74BE /* PBXTargetDependency */ = {
			isa = PBXTargetDependency;
			target = B598787A26025D57006E74BE /* StocksApp */;
			targetProxy = B598789226025D5C006E74BE /* PBXContainerItemProxy */;
		};
		B598789E26025D5C006E74BE /* PBXTargetDependency */ = {
			isa = PBXTargetDependency;
			target = B598787A26025D57006E74BE /* StocksApp */;
			targetProxy = B598789D26025D5C006E74BE /* PBXContainerItemProxy */;
		};
/* End PBXTargetDependency section */

/* Begin PBXVariantGroup section */
		B598788926025D5B006E74BE /* LaunchScreen.storyboard */ = {
			isa = PBXVariantGroup;
			children = (
				B598788A26025D5B006E74BE /* Base */,
			);
			name = LaunchScreen.storyboard;
			sourceTree = "<group>";
		};
/* End PBXVariantGroup section */

/* Begin XCBuildConfiguration section */
		B59878A326025D5C006E74BE /* Debug */ = {
			isa = XCBuildConfiguration;
			buildSettings = {
				ALWAYS_SEARCH_USER_PATHS = NO;
				CLANG_ANALYZER_NONNULL = YES;
				CLANG_ANALYZER_NUMBER_OBJECT_CONVERSION = YES_AGGRESSIVE;
				CLANG_CXX_LANGUAGE_STANDARD = "gnu++14";
				CLANG_CXX_LIBRARY = "libc++";
				CLANG_ENABLE_MODULES = YES;
				CLANG_ENABLE_OBJC_ARC = YES;
				CLANG_ENABLE_OBJC_WEAK = YES;
				CLANG_WARN_BLOCK_CAPTURE_AUTORELEASING = YES;
				CLANG_WARN_BOOL_CONVERSION = YES;
				CLANG_WARN_COMMA = YES;
				CLANG_WARN_CONSTANT_CONVERSION = YES;
				CLANG_WARN_DEPRECATED_OBJC_IMPLEMENTATIONS = YES;
				CLANG_WARN_DIRECT_OBJC_ISA_USAGE = YES_ERROR;
				CLANG_WARN_DOCUMENTATION_COMMENTS = YES;
				CLANG_WARN_EMPTY_BODY = YES;
				CLANG_WARN_ENUM_CONVERSION = YES;
				CLANG_WARN_INFINITE_RECURSION = YES;
				CLANG_WARN_INT_CONVERSION = YES;
				CLANG_WARN_NON_LITERAL_NULL_CONVERSION = YES;
				CLANG_WARN_OBJC_IMPLICIT_RETAIN_SELF = YES;
				CLANG_WARN_OBJC_LITERAL_CONVERSION = YES;
				CLANG_WARN_OBJC_ROOT_CLASS = YES_ERROR;
				CLANG_WARN_QUOTED_INCLUDE_IN_FRAMEWORK_HEADER = YES;
				CLANG_WARN_RANGE_LOOP_ANALYSIS = YES;
				CLANG_WARN_STRICT_PROTOTYPES = YES;
				CLANG_WARN_SUSPICIOUS_MOVE = YES;
				CLANG_WARN_UNGUARDED_AVAILABILITY = YES_AGGRESSIVE;
				CLANG_WARN_UNREACHABLE_CODE = YES;
				CLANG_WARN__DUPLICATE_METHOD_MATCH = YES;
				COPY_PHASE_STRIP = NO;
				DEBUG_INFORMATION_FORMAT = dwarf;
				ENABLE_STRICT_OBJC_MSGSEND = YES;
				ENABLE_TESTABILITY = YES;
				GCC_C_LANGUAGE_STANDARD = gnu11;
				GCC_DYNAMIC_NO_PIC = NO;
				GCC_NO_COMMON_BLOCKS = YES;
				GCC_OPTIMIZATION_LEVEL = 0;
				GCC_PREPROCESSOR_DEFINITIONS = (
					"DEBUG=1",
					"$(inherited)",
				);
				GCC_WARN_64_TO_32_BIT_CONVERSION = YES;
				GCC_WARN_ABOUT_RETURN_TYPE = YES_ERROR;
				GCC_WARN_UNDECLARED_SELECTOR = YES;
				GCC_WARN_UNINITIALIZED_AUTOS = YES_AGGRESSIVE;
				GCC_WARN_UNUSED_FUNCTION = YES;
				GCC_WARN_UNUSED_VARIABLE = YES;
				IPHONEOS_DEPLOYMENT_TARGET = 14.4;
				MTL_ENABLE_DEBUG_INFO = INCLUDE_SOURCE;
				MTL_FAST_MATH = YES;
				ONLY_ACTIVE_ARCH = YES;
				SDKROOT = iphoneos;
				SWIFT_ACTIVE_COMPILATION_CONDITIONS = DEBUG;
				SWIFT_OPTIMIZATION_LEVEL = "-Onone";
			};
			name = Debug;
		};
		B59878A426025D5C006E74BE /* Release */ = {
			isa = XCBuildConfiguration;
			buildSettings = {
				ALWAYS_SEARCH_USER_PATHS = NO;
				CLANG_ANALYZER_NONNULL = YES;
				CLANG_ANALYZER_NUMBER_OBJECT_CONVERSION = YES_AGGRESSIVE;
				CLANG_CXX_LANGUAGE_STANDARD = "gnu++14";
				CLANG_CXX_LIBRARY = "libc++";
				CLANG_ENABLE_MODULES = YES;
				CLANG_ENABLE_OBJC_ARC = YES;
				CLANG_ENABLE_OBJC_WEAK = YES;
				CLANG_WARN_BLOCK_CAPTURE_AUTORELEASING = YES;
				CLANG_WARN_BOOL_CONVERSION = YES;
				CLANG_WARN_COMMA = YES;
				CLANG_WARN_CONSTANT_CONVERSION = YES;
				CLANG_WARN_DEPRECATED_OBJC_IMPLEMENTATIONS = YES;
				CLANG_WARN_DIRECT_OBJC_ISA_USAGE = YES_ERROR;
				CLANG_WARN_DOCUMENTATION_COMMENTS = YES;
				CLANG_WARN_EMPTY_BODY = YES;
				CLANG_WARN_ENUM_CONVERSION = YES;
				CLANG_WARN_INFINITE_RECURSION = YES;
				CLANG_WARN_INT_CONVERSION = YES;
				CLANG_WARN_NON_LITERAL_NULL_CONVERSION = YES;
				CLANG_WARN_OBJC_IMPLICIT_RETAIN_SELF = YES;
				CLANG_WARN_OBJC_LITERAL_CONVERSION = YES;
				CLANG_WARN_OBJC_ROOT_CLASS = YES_ERROR;
				CLANG_WARN_QUOTED_INCLUDE_IN_FRAMEWORK_HEADER = YES;
				CLANG_WARN_RANGE_LOOP_ANALYSIS = YES;
				CLANG_WARN_STRICT_PROTOTYPES = YES;
				CLANG_WARN_SUSPICIOUS_MOVE = YES;
				CLANG_WARN_UNGUARDED_AVAILABILITY = YES_AGGRESSIVE;
				CLANG_WARN_UNREACHABLE_CODE = YES;
				CLANG_WARN__DUPLICATE_METHOD_MATCH = YES;
				COPY_PHASE_STRIP = NO;
				DEBUG_INFORMATION_FORMAT = "dwarf-with-dsym";
				ENABLE_NS_ASSERTIONS = NO;
				ENABLE_STRICT_OBJC_MSGSEND = YES;
				GCC_C_LANGUAGE_STANDARD = gnu11;
				GCC_NO_COMMON_BLOCKS = YES;
				GCC_WARN_64_TO_32_BIT_CONVERSION = YES;
				GCC_WARN_ABOUT_RETURN_TYPE = YES_ERROR;
				GCC_WARN_UNDECLARED_SELECTOR = YES;
				GCC_WARN_UNINITIALIZED_AUTOS = YES_AGGRESSIVE;
				GCC_WARN_UNUSED_FUNCTION = YES;
				GCC_WARN_UNUSED_VARIABLE = YES;
				IPHONEOS_DEPLOYMENT_TARGET = 14.4;
				MTL_ENABLE_DEBUG_INFO = NO;
				MTL_FAST_MATH = YES;
				SDKROOT = iphoneos;
				SWIFT_COMPILATION_MODE = wholemodule;
				SWIFT_OPTIMIZATION_LEVEL = "-O";
				VALIDATE_PRODUCT = YES;
			};
			name = Release;
		};
		B59878A626025D5C006E74BE /* Debug */ = {
			isa = XCBuildConfiguration;
			buildSettings = {
				ASSETCATALOG_COMPILER_APPICON_NAME = AppIcon;
				ASSETCATALOG_COMPILER_GLOBAL_ACCENT_COLOR_NAME = AccentColor;
				CODE_SIGN_STYLE = Automatic;
				DEVELOPMENT_TEAM = X3C4UMBA4P;
				INFOPLIST_FILE = StocksApp/App/Info.plist;
				LD_RUNPATH_SEARCH_PATHS = (
					"$(inherited)",
					"@executable_path/Frameworks",
				);
				PRODUCT_BUNDLE_IDENTIFIER = koryakin.StocksApp;
				PRODUCT_NAME = "$(TARGET_NAME)";
				SWIFT_VERSION = 5.0;
				TARGETED_DEVICE_FAMILY = 1;
			};
			name = Debug;
		};
		B59878A726025D5C006E74BE /* Release */ = {
			isa = XCBuildConfiguration;
			buildSettings = {
				ASSETCATALOG_COMPILER_APPICON_NAME = AppIcon;
				ASSETCATALOG_COMPILER_GLOBAL_ACCENT_COLOR_NAME = AccentColor;
				CODE_SIGN_STYLE = Automatic;
				DEVELOPMENT_TEAM = X3C4UMBA4P;
				INFOPLIST_FILE = StocksApp/App/Info.plist;
				LD_RUNPATH_SEARCH_PATHS = (
					"$(inherited)",
					"@executable_path/Frameworks",
				);
				PRODUCT_BUNDLE_IDENTIFIER = koryakin.StocksApp;
				PRODUCT_NAME = "$(TARGET_NAME)";
				SWIFT_VERSION = 5.0;
				TARGETED_DEVICE_FAMILY = 1;
			};
			name = Release;
		};
		B59878A926025D5C006E74BE /* Debug */ = {
			isa = XCBuildConfiguration;
			buildSettings = {
				ALWAYS_EMBED_SWIFT_STANDARD_LIBRARIES = YES;
				BUNDLE_LOADER = "$(TEST_HOST)";
				CODE_SIGN_STYLE = Automatic;
				DEVELOPMENT_TEAM = X3C4UMBA4P;
				INFOPLIST_FILE = StocksAppTests/Info.plist;
				IPHONEOS_DEPLOYMENT_TARGET = 14.4;
				LD_RUNPATH_SEARCH_PATHS = (
					"$(inherited)",
					"@executable_path/Frameworks",
					"@loader_path/Frameworks",
				);
				PRODUCT_BUNDLE_IDENTIFIER = koryakin.StocksAppTests;
				PRODUCT_NAME = "$(TARGET_NAME)";
				SWIFT_VERSION = 5.0;
				TARGETED_DEVICE_FAMILY = "1,2";
				TEST_HOST = "$(BUILT_PRODUCTS_DIR)/StocksApp.app/StocksApp";
			};
			name = Debug;
		};
		B59878AA26025D5C006E74BE /* Release */ = {
			isa = XCBuildConfiguration;
			buildSettings = {
				ALWAYS_EMBED_SWIFT_STANDARD_LIBRARIES = YES;
				BUNDLE_LOADER = "$(TEST_HOST)";
				CODE_SIGN_STYLE = Automatic;
				DEVELOPMENT_TEAM = X3C4UMBA4P;
				INFOPLIST_FILE = StocksAppTests/Info.plist;
				IPHONEOS_DEPLOYMENT_TARGET = 14.4;
				LD_RUNPATH_SEARCH_PATHS = (
					"$(inherited)",
					"@executable_path/Frameworks",
					"@loader_path/Frameworks",
				);
				PRODUCT_BUNDLE_IDENTIFIER = koryakin.StocksAppTests;
				PRODUCT_NAME = "$(TARGET_NAME)";
				SWIFT_VERSION = 5.0;
				TARGETED_DEVICE_FAMILY = "1,2";
				TEST_HOST = "$(BUILT_PRODUCTS_DIR)/StocksApp.app/StocksApp";
			};
			name = Release;
		};
		B59878AC26025D5C006E74BE /* Debug */ = {
			isa = XCBuildConfiguration;
			buildSettings = {
				ALWAYS_EMBED_SWIFT_STANDARD_LIBRARIES = YES;
				CODE_SIGN_STYLE = Automatic;
				DEVELOPMENT_TEAM = X3C4UMBA4P;
				INFOPLIST_FILE = StocksAppUITests/Info.plist;
				LD_RUNPATH_SEARCH_PATHS = (
					"$(inherited)",
					"@executable_path/Frameworks",
					"@loader_path/Frameworks",
				);
				PRODUCT_BUNDLE_IDENTIFIER = koryakin.StocksAppUITests;
				PRODUCT_NAME = "$(TARGET_NAME)";
				SWIFT_VERSION = 5.0;
				TARGETED_DEVICE_FAMILY = "1,2";
				TEST_TARGET_NAME = StocksApp;
			};
			name = Debug;
		};
		B59878AD26025D5C006E74BE /* Release */ = {
			isa = XCBuildConfiguration;
			buildSettings = {
				ALWAYS_EMBED_SWIFT_STANDARD_LIBRARIES = YES;
				CODE_SIGN_STYLE = Automatic;
				DEVELOPMENT_TEAM = X3C4UMBA4P;
				INFOPLIST_FILE = StocksAppUITests/Info.plist;
				LD_RUNPATH_SEARCH_PATHS = (
					"$(inherited)",
					"@executable_path/Frameworks",
					"@loader_path/Frameworks",
				);
				PRODUCT_BUNDLE_IDENTIFIER = koryakin.StocksAppUITests;
				PRODUCT_NAME = "$(TARGET_NAME)";
				SWIFT_VERSION = 5.0;
				TARGETED_DEVICE_FAMILY = "1,2";
				TEST_TARGET_NAME = StocksApp;
			};
			name = Release;
		};
		B5F117E0261A6797005B544E /* Debug */ = {
			isa = XCBuildConfiguration;
			buildSettings = {
				ASSETCATALOG_COMPILER_APPICON_NAME = AppIcon;
				ASSETCATALOG_COMPILER_GLOBAL_ACCENT_COLOR_NAME = AccentColor;
				CODE_SIGN_STYLE = Automatic;
				DEVELOPMENT_TEAM = X3C4UMBA4P;
				INFOPLIST_FILE = StocksApp/App/OfflineInfo.plist;
				LD_RUNPATH_SEARCH_PATHS = (
					"$(inherited)",
					"@executable_path/Frameworks",
				);
				OTHER_SWIFT_FLAGS = "-D OFFLINE";
				PRODUCT_BUNDLE_IDENTIFIER = koryakin.StocksAppOffline;
				PRODUCT_NAME = "$(TARGET_NAME)";
				SWIFT_ACTIVE_COMPILATION_CONDITIONS = DEBUG;
				SWIFT_VERSION = 5.0;
				TARGETED_DEVICE_FAMILY = 1;
			};
			name = Debug;
		};
		B5F117E1261A6797005B544E /* Release */ = {
			isa = XCBuildConfiguration;
			buildSettings = {
				ASSETCATALOG_COMPILER_APPICON_NAME = AppIcon;
				ASSETCATALOG_COMPILER_GLOBAL_ACCENT_COLOR_NAME = AccentColor;
				CODE_SIGN_STYLE = Automatic;
				DEVELOPMENT_TEAM = X3C4UMBA4P;
				INFOPLIST_FILE = StocksApp/App/OfflineInfo.plist;
				LD_RUNPATH_SEARCH_PATHS = (
					"$(inherited)",
					"@executable_path/Frameworks",
				);
				PRODUCT_BUNDLE_IDENTIFIER = koryakin.StocksAppOffline;
				PRODUCT_NAME = "$(TARGET_NAME)";
				SWIFT_VERSION = 5.0;
				TARGETED_DEVICE_FAMILY = 1;
			};
			name = Release;
		};
/* End XCBuildConfiguration section */

/* Begin XCConfigurationList section */
		B598787626025D57006E74BE /* Build configuration list for PBXProject "StocksApp" */ = {
			isa = XCConfigurationList;
			buildConfigurations = (
				B59878A326025D5C006E74BE /* Debug */,
				B59878A426025D5C006E74BE /* Release */,
			);
			defaultConfigurationIsVisible = 0;
			defaultConfigurationName = Release;
		};
		B59878A526025D5C006E74BE /* Build configuration list for PBXNativeTarget "StocksApp" */ = {
			isa = XCConfigurationList;
			buildConfigurations = (
				B59878A626025D5C006E74BE /* Debug */,
				B59878A726025D5C006E74BE /* Release */,
			);
			defaultConfigurationIsVisible = 0;
			defaultConfigurationName = Release;
		};
		B59878A826025D5C006E74BE /* Build configuration list for PBXNativeTarget "StocksAppTests" */ = {
			isa = XCConfigurationList;
			buildConfigurations = (
				B59878A926025D5C006E74BE /* Debug */,
				B59878AA26025D5C006E74BE /* Release */,
			);
			defaultConfigurationIsVisible = 0;
			defaultConfigurationName = Release;
		};
		B59878AB26025D5C006E74BE /* Build configuration list for PBXNativeTarget "StocksAppUITests" */ = {
			isa = XCConfigurationList;
			buildConfigurations = (
				B59878AC26025D5C006E74BE /* Debug */,
				B59878AD26025D5C006E74BE /* Release */,
			);
			defaultConfigurationIsVisible = 0;
			defaultConfigurationName = Release;
		};
		B5F117DF261A6797005B544E /* Build configuration list for PBXNativeTarget "StocksAppOffline" */ = {
			isa = XCConfigurationList;
			buildConfigurations = (
				B5F117E0261A6797005B544E /* Debug */,
				B5F117E1261A6797005B544E /* Release */,
			);
			defaultConfigurationIsVisible = 0;
			defaultConfigurationName = Release;
		};
/* End XCConfigurationList section */

/* Begin XCRemoteSwiftPackageReference section */
		B5F1172F26165AFF005B544E /* XCRemoteSwiftPackageReference "Kingfisher" */ = {
			isa = XCRemoteSwiftPackageReference;
			repositoryURL = "https://github.com/onevcat/Kingfisher.git";
			requirement = {
				kind = upToNextMajorVersion;
				minimumVersion = 6.2.1;
			};
		};
		B5F117BE261A6797005B544E /* XCRemoteSwiftPackageReference "Kingfisher" */ = {
			isa = XCRemoteSwiftPackageReference;
			repositoryURL = "https://github.com/onevcat/Kingfisher.git";
			requirement = {
				kind = upToNextMajorVersion;
				minimumVersion = 6.2.1;
			};
		};
/* End XCRemoteSwiftPackageReference section */

/* Begin XCSwiftPackageProductDependency section */
		B5F1173026165AFF005B544E /* Kingfisher */ = {
			isa = XCSwiftPackageProductDependency;
			package = B5F1172F26165AFF005B544E /* XCRemoteSwiftPackageReference "Kingfisher" */;
			productName = Kingfisher;
		};
		B5F117BD261A6797005B544E /* Kingfisher */ = {
			isa = XCSwiftPackageProductDependency;
			package = B5F117BE261A6797005B544E /* XCRemoteSwiftPackageReference "Kingfisher" */;
			productName = Kingfisher;
		};
/* End XCSwiftPackageProductDependency section */
	};
	rootObject = B598787326025D57006E74BE /* Project object */;
}
